
Microsoft Visual Studio Solution File, Format Version 12.00
# Visual Studio 2013
VisualStudioVersion = 12.0.31101.0
MinimumVisualStudioVersion = 10.0.40219.1
Project("{FAE04EC0-301F-11D3-BF4B-00C04F79EFBC}") = "GesTenis", "GesTenis\GesTenis.csproj", "{C0319F41-2ACD-47D8-9BF5-A0F0730799CE}"
EndProject
Global
	GlobalSection(SolutionConfigurationPlatforms) = preSolution
		Debug|Any CPU = Debug|Any CPU
		Release|Any CPU = Release|Any CPU
	EndGlobalSection
	GlobalSection(ProjectConfigurationPlatforms) = postSolution
		{C0319F41-2ACD-47D8-9BF5-A0F0730799CE}.Debug|Any CPU.ActiveCfg = Debug|Any CPU
		{C0319F41-2ACD-47D8-9BF5-A0F0730799CE}.Debug|Any CPU.Build.0 = Debug|Any CPU
		{C0319F41-2ACD-47D8-9BF5-A0F0730799CE}.Release|Any CPU.ActiveCfg = Release|Any CPU
		{C0319F41-2ACD-47D8-9BF5-A0F0730799CE}.Release|Any CPU.Build.0 = Release|Any CPU
	EndGlobalSection
	GlobalSection(SolutionProperties) = preSolution
		HideSolutionNode = FALSE
	EndGlobalSection
EndGlobal
